// !$*UTF8*$!
{
	archiveVersion = 1;
	classes = {
	};
	objectVersion = 46;
	objects = {

/* Begin PBXBuildFile section */
		8BE33CBB1C240923004A2641 /* main.m in Sources */ = {isa = PBXBuildFile; fileRef = 8BE33CBA1C240923004A2641 /* main.m */; };
		8BE33CBE1C240923004A2641 /* AppDelegate.m in Sources */ = {isa = PBXBuildFile; fileRef = 8BE33CBD1C240923004A2641 /* AppDelegate.m */; };
		8BE33CC11C240923004A2641 /* ViewController.m in Sources */ = {isa = PBXBuildFile; fileRef = 8BE33CC01C240923004A2641 /* ViewController.m */; };
		8BE33CC41C240923004A2641 /* Main.storyboard in Resources */ = {isa = PBXBuildFile; fileRef = 8BE33CC21C240923004A2641 /* Main.storyboard */; };
		8BE33CC61C240923004A2641 /* Assets.xcassets in Resources */ = {isa = PBXBuildFile; fileRef = 8BE33CC51C240923004A2641 /* Assets.xcassets */; };
		8BE33CC91C240924004A2641 /* LaunchScreen.storyboard in Resources */ = {isa = PBXBuildFile; fileRef = 8BE33CC71C240924004A2641 /* LaunchScreen.storyboard */; };
		8BE33CD21C240944004A2641 /* LayerTextView.m in Sources */ = {isa = PBXBuildFile; fileRef = 8BE33CD11C240944004A2641 /* LayerTextView.m */; settings = {ASSET_TAGS = (); }; };
		8BE33CD41C240AFE004A2641 /* 1.png in Resources */ = {isa = PBXBuildFile; fileRef = 8BE33CD31C240AFE004A2641 /* 1.png */; settings = {ASSET_TAGS = (); }; };
/* End PBXBuildFile section */

/* Begin PBXFileReference section */
		8BE33CB61C240923004A2641 /* ChowderCode.app */ = {isa = PBXFileReference; explicitFileType = wrapper.application; includeInIndex = 0; path = ChowderCode.app; sourceTree = BUILT_PRODUCTS_DIR; };
		8BE33CBA1C240923004A2641 /* main.m */ = {isa = PBXFileReference; lastKnownFileType = sourcecode.c.objc; path = main.m; sourceTree = "<group>"; };
		8BE33CBC1C240923004A2641 /* AppDelegate.h */ = {isa = PBXFileReference; lastKnownFileType = sourcecode.c.h; path = AppDelegate.h; sourceTree = "<group>"; };
		8BE33CBD1C240923004A2641 /* AppDelegate.m */ = {isa = PBXFileReference; lastKnownFileType = sourcecode.c.objc; path = AppDelegate.m; sourceTree = "<group>"; };
		8BE33CBF1C240923004A2641 /* ViewController.h */ = {isa = PBXFileReference; lastKnownFileType = sourcecode.c.h; path = ViewController.h; sourceTree = "<group>"; };
		8BE33CC01C240923004A2641 /* ViewController.m */ = {isa = PBXFileReference; lastKnownFileType = sourcecode.c.objc; path = ViewController.m; sourceTree = "<group>"; };
		8BE33CC31C240923004A2641 /* Base */ = {isa = PBXFileReference; lastKnownFileType = file.storyboard; name = Base; path = Base.lproj/Main.storyboard; sourceTree = "<group>"; };
		8BE33CC51C240923004A2641 /* Assets.xcassets */ = {isa = PBXFileReference; lastKnownFileType = folder.assetcatalog; path = Assets.xcassets; sourceTree = "<group>"; };
		8BE33CC81C240924004A2641 /* Base */ = {isa = PBXFileReference; lastKnownFileType = file.storyboard; name = Base; path = Base.lproj/LaunchScreen.storyboard; sourceTree = "<group>"; };
		8BE33CCA1C240924004A2641 /* Info.plist */ = {isa = PBXFileReference; lastKnownFileType = text.plist.xml; path = Info.plist; sourceTree = "<group>"; };
		8BE33CD01C240944004A2641 /* LayerTextView.h */ = {isa = PBXFileReference; fileEncoding = 4; lastKnownFileType = sourcecode.c.h; path = LayerTextView.h; sourceTree = "<group>"; };
		8BE33CD11C240944004A2641 /* LayerTextView.m */ = {isa = PBXFileReference; fileEncoding = 4; lastKnownFileType = sourcecode.c.objc; path = LayerTextView.m; sourceTree = "<group>"; };
		8BE33CD31C240AFE004A2641 /* 1.png */ = {isa = PBXFileReference; lastKnownFileType = image.png; path = 1.png; sourceTree = "<group>"; };
/* End PBXFileReference section */

/* Begin PBXFrameworksBuildPhase section */
		8BE33CB31C240923004A2641 /* Frameworks */ = {
			isa = PBXFrameworksBuildPhase;
			buildActionMask = 2147483647;
			files = (
			);
			runOnlyForDeploymentPostprocessing = 0;
		};
/* End PBXFrameworksBuildPhase section */

/* Begin PBXGroup section */
		8BE33CAD1C240923004A2641 = {
			isa = PBXGroup;
			children = (
				8BE33CB81C240923004A2641 /* ChowderCode */,
				8BE33CB71C240923004A2641 /* Products */,
			);
			sourceTree = "<group>";
		};
		8BE33CB71C240923004A2641 /* Products */ = {
			isa = PBXGroup;
			children = (
				8BE33CB61C240923004A2641 /* ChowderCode.app */,
			);
			name = Products;
			sourceTree = "<group>";
		};
		8BE33CB81C240923004A2641 /* ChowderCode */ = {
			isa = PBXGroup;
			children = (
				8BE33CBC1C240923004A2641 /* AppDelegate.h */,
				8BE33CBD1C240923004A2641 /* AppDelegate.m */,
				8BE33CBF1C240923004A2641 /* ViewController.h */,
				8BE33CC01C240923004A2641 /* ViewController.m */,
				8BE33CD01C240944004A2641 /* LayerTextView.h */,
				8BE33CD11C240944004A2641 /* LayerTextView.m */,
				8BE33CC21C240923004A2641 /* Main.storyboard */,
				8BE33CD31C240AFE004A2641 /* 1.png */,
				8BE33CC51C240923004A2641 /* Assets.xcassets */,
				8BE33CC71C240924004A2641 /* LaunchScreen.storyboard */,
				8BE33CCA1C240924004A2641 /* Info.plist */,
				8BE33CB91C240923004A2641 /* Supporting Files */,
			);
			path = ChowderCode;
			sourceTree = "<group>";
		};
		8BE33CB91C240923004A2641 /* Supporting Files */ = {
			isa = PBXGroup;
			children = (
				8BE33CBA1C240923004A2641 /* main.m */,
			);
			name = "Supporting Files";
			sourceTree = "<group>";
		};
/* End PBXGroup section */

/* Begin PBXNativeTarget section */
		8BE33CB51C240923004A2641 /* ChowderCode */ = {
			isa = PBXNativeTarget;
			buildConfigurationList = 8BE33CCD1C240924004A2641 /* Build configuration list for PBXNativeTarget "ChowderCode" */;
			buildPhases = (
				8BE33CB21C240923004A2641 /* Sources */,
				8BE33CB31C240923004A2641 /* Frameworks */,
				8BE33CB41C240923004A2641 /* Resources */,
			);
			buildRules = (
			);
			dependencies = (
			);
			name = ChowderCode;
			productName = ChowderCode;
			productReference = 8BE33CB61C240923004A2641 /* ChowderCode.app */;
			productType = "com.apple.product-type.application";
		};
/* End PBXNativeTarget section */

/* Begin PBXProject section */
		8BE33CAE1C240923004A2641 /* Project object */ = {
			isa = PBXProject;
			attributes = {
				LastUpgradeCheck = 0700;
				ORGANIZATIONNAME = yunis;
				TargetAttributes = {
					8BE33CB51C240923004A2641 = {
						CreatedOnToolsVersion = 7.0.1;
					};
				};
			};
			buildConfigurationList = 8BE33CB11C240923004A2641 /* Build configuration list for PBXProject "ChowderCode" */;
			compatibilityVersion = "Xcode 3.2";
			developmentRegion = English;
			hasScannedForEncodings = 0;
			knownRegions = (
				en,
				Base,
			);
			mainGroup = 8BE33CAD1C240923004A2641;
			productRefGroup = 8BE33CB71C240923004A2641 /* Products */;
			projectDirPath = "";
			projectRoot = "";
			targets = (
				8BE33CB51C240923004A2641 /* ChowderCode */,
			);
		};
/* End PBXProject section */

/* Begin PBXResourcesBuildPhase section */
		8BE33CB41C240923004A2641 /* Resources */ = {
			isa = PBXResourcesBuildPhase;
			buildActionMask = 2147483647;
			files = (
				8BE33CC91C240924004A2641 /* LaunchScreen.storyboard in Resources */,
				8BE33CC61C240923004A2641 /* Assets.xcassets in Resources */,
				8BE33CD41C240AFE004A2641 /* 1.png in Resources */,
				8BE33CC41C240923004A2641 /* Main.storyboard in Resources */,
			);
			runOnlyForDeploymentPostprocessing = 0;
		};
/* End PBXResourcesBuildPhase section */

/* Begin PBXSourcesBuildPhase section */
		8BE33CB21C240923004A2641 /* Sources */ = {
			isa = PBXSourcesBuildPhase;
			buildActionMask = 2147483647;
			files = (
				8BE33CC11C240923004A2641 /* ViewController.m in Sources */,
				8BE33CBE1C240923004A2641 /* AppDelegate.m in Sources */,
				8BE33CBB1C240923004A2641 /* main.m in Sources */,
				8BE33CD21C240944004A2641 /* LayerTextView.m in Sources */,
			);
			runOnlyForDeploymentPostprocessing = 0;
		};
/* End PBXSourcesBuildPhase section */

/* Begin PBXVariantGroup section */
		8BE33CC21C240923004A2641 /* Main.storyboard */ = {
			isa = PBXVariantGroup;
			children = (
				8BE33CC31C240923004A2641 /* Base */,
			);
			name = Main.storyboard;
			sourceTree = "<group>";
		};
		8BE33CC71C240924004A2641 /* LaunchScreen.storyboard */ = {
			isa = PBXVariantGroup;
			children = (
				8BE33CC81C240924004A2641 /* Base */,
			);
			name = LaunchScreen.storyboard;
			sourceTree = "<group>";
		};
/* End PBXVariantGroup section */

/* Begin XCBuildConfiguration section */
		8BE33CCB1C240924004A2641 /* Debug */ = {
			isa = XCBuildConfiguration;
			buildSettings = {
				ALWAYS_SEARCH_USER_PATHS = NO;
				CLANG_CXX_LANGUAGE_STANDARD = "gnu++0x";
				CLANG_CXX_LIBRARY = "libc++";
				CLANG_ENABLE_MODULES = YES;
				CLANG_ENABLE_OBJC_ARC = YES;
				CLANG_WARN_BOOL_CONVERSION = YES;
				CLANG_WARN_CONSTANT_CONVERSION = YES;
				CLANG_WARN_DIRECT_OBJC_ISA_USAGE = YES_ERROR;
				CLANG_WARN_EMPTY_BODY = YES;
				CLANG_WARN_ENUM_CONVERSION = YES;
				CLANG_WARN_INT_CONVERSION = YES;
				CLANG_WARN_OBJC_ROOT_CLASS = YES_ERROR;
				CLANG_WARN_UNREACHABLE_CODE = YES;
				CLANG_WARN__DUPLICATE_METHOD_MATCH = YES;
				"CODE_SIGN_IDENTITY[sdk=iphoneos*]" = "iPhone Developer";
				COPY_PHASE_STRIP = NO;
				DEBUG_INFORMATION_FORMAT = dwarf;
				ENABLE_STRICT_OBJC_MSGSEND = YES;
				ENABLE_TESTABILITY = YES;
				GCC_C_LANGUAGE_STANDARD = gnu99;
				GCC_DYNAMIC_NO_PIC = NO;
				GCC_NO_COMMON_BLOCKS = YES;
				GCC_OPTIMIZATION_LEVEL = 0;
				GCC_PREPROCESSOR_DEFINITIONS = (
					"DEBUG=1",
					"$(inherited)",
				);
				GCC_WARN_64_TO_32_BIT_CONVERSION = YES;
				GCC_WARN_ABOUT_RETURN_TYPE = YES_ERROR;
				GCC_WARN_UNDECLARED_SELECTOR = YES;
				GCC_WARN_UNINITIALIZED_AUTOS = YES_AGGRESSIVE;
				GCC_WARN_UNUSED_FUNCTION = YES;
				GCC_WARN_UNUSED_VARIABLE = YES;
				IPHONEOS_DEPLOYMENT_TARGET = 9.0;
				MTL_ENABLE_DEBUG_INFO = YES;
				ONLY_ACTIVE_ARCH = YES;
				SDKROOT = iphoneos;
			};
			name = Debug;
		};
		8BE33CCC1C240924004A2641 /* Release */ = {
			isa = XCBuildConfiguration;
			buildSettings = {
				ALWAYS_SEARCH_USER_PATHS = NO;
				CLANG_CXX_LANGUAGE_STANDARD = "gnu++0x";
				CLANG_CXX_LIBRARY = "libc++";
				CLANG_ENABLE_MODULES = YES;
				CLANG_ENABLE_OBJC_ARC = YES;
				CLANG_WARN_BOOL_CONVERSION = YES;
				CLANG_WARN_CONSTANT_CONVERSION = YES;
				CLANG_WARN_DIRECT_OBJC_ISA_USAGE = YES_ERROR;
				CLANG_WARN_EMPTY_BODY = YES;
				CLANG_WARN_ENUM_CONVERSION = YES;
				CLANG_WARN_INT_CONVERSION = YES;
				CLANG_WARN_OBJC_ROOT_CLASS = YES_ERROR;
				CLANG_WARN_UNREACHABLE_CODE = YES;
				CLANG_WARN__DUPLICATE_METHOD_MATCH = YES;
				"CODE_SIGN_IDENTITY[sdk=iphoneos*]" = "iPhone Developer";
				COPY_PHASE_STRIP = NO;
				DEBUG_INFORMATION_FORMAT = "dwarf-with-dsym";
				ENABLE_NS_ASSERTIONS = NO;
				ENABLE_STRICT_OBJC_MSGSEND = YES;
				GCC_C_LANGUAGE_STANDARD = gnu99;
				GCC_NO_COMMON_BLOCKS = YES;
				GCC_WARN_64_TO_32_BIT_CONVERSION = YES;
				GCC_WARN_ABOUT_RETURN_TYPE = YES_ERROR;
				GCC_WARN_UNDECLARED_SELECTOR = YES;
				GCC_WARN_UNINITIALIZED_AUTOS = YES_AGGRESSIVE;
				GCC_WARN_UNUSED_FUNCTION = YES;
				GCC_WARN_UNUSED_VARIABLE = YES;
				IPHONEOS_DEPLOYMENT_TARGET = 9.0;
				MTL_ENABLE_DEBUG_INFO = NO;
				SDKROOT = iphoneos;
				VALIDATE_PRODUCT = YES;
			};
			name = Release;
		};
		8BE33CCE1C240924004A2641 /* Debug */ = {
			isa = XCBuildConfiguration;
			buildSettings = {
				ASSETCATALOG_COMPILER_APPICON_NAME = AppIcon;
				INFOPLIST_FILE = ChowderCode/Info.plist;
				LD_RUNPATH_SEARCH_PATHS = "$(inherited) @executable_path/Frameworks";
				PRODUCT_BUNDLE_IDENTIFIER = com.yunis.ChowderCode;
				PRODUCT_NAME = "$(TARGET_NAME)";
			};
			name = Debug;
		};
		8BE33CCF1C240924004A2641 /* Release */ = {
			isa = XCBuildConfiguration;
			buildSettings = {
				ASSETCATALOG_COMPILER_APPICON_NAME = AppIcon;
				INFOPLIST_FILE = ChowderCode/Info.plist;
				LD_RUNPATH_SEARCH_PATHS = "$(inherited) @executable_path/Frameworks";
				PRODUCT_BUNDLE_IDENTIFIER = com.yunis.ChowderCode;
				PRODUCT_NAME = "$(TARGET_NAME)";
			};
			name = Release;
		};
/* End XCBuildConfiguration section */

/* Begin XCConfigurationList section */
		8BE33CB11C240923004A2641 /* Build configuration list for PBXProject "ChowderCode" */ = {
			isa = XCConfigurationList;
			buildConfigurations = (
				8BE33CCB1C240924004A2641 /* Debug */,
				8BE33CCC1C240924004A2641 /* Release */,
			);
			defaultConfigurationIsVisible = 0;
			defaultConfigurationName = Release;
		};
		8BE33CCD1C240924004A2641 /* Build configuration list for PBXNativeTarget "ChowderCode" */ = {
			isa = XCConfigurationList;
			buildConfigurations = (
				8BE33CCE1C240924004A2641 /* Debug */,
				8BE33CCF1C240924004A2641 /* Release */,
			);
			defaultConfigurationIsVisible = 0;
		};
/* End XCConfigurationList section */
	};
	rootObject = 8BE33CAE1C240923004A2641 /* Project object */;
}
